<?xml version="1.0" encoding="utf-8"?>
<Project ToolsVersion="4.0" xmlns="http://schemas.microsoft.com/developer/msbuild/2003">
  <ItemGroup>
    <Filter Include="Source Files">
      <UniqueIdentifier>{4FC737F1-C7A5-4376-A066-2A32D752A2FF}</UniqueIdentifier>
      <Extensions>cpp;c;cc;cxx;def;odl;idl;hpj;bat;asm;asmx</Extensions>
    </Filter>
    <Filter Include="Header Files">
      <UniqueIdentifier>{93995380-89BD-4b04-88EB-625FBE52EBFB}</UniqueIdentifier>
      <Extensions>h;hh;hpp;hxx;hm;inl;inc;xsd</Extensions>
    </Filter>
    <Filter Include="Resource Files">
      <UniqueIdentifier>{67DA6AB6-F800-4c08-8B7A-83BB121AAD01}</UniqueIdentifier>
      <Extensions>rc;ico;cur;bmp;dlg;rc2;rct;bin;rgs;gif;jpg;jpeg;jpe;resx;tiff;tif;png;wav;mfcribbon-ms</Extensions>
    </Filter>
    <Filter Include="Header Files\Tokenizer">
      <UniqueIdentifier>{f726560c-2f9c-4a5e-b88c-1d702101299a}</UniqueIdentifier>
    </Filter>
    <Filter Include="Source Files\Tokenizer">
      <UniqueIdentifier>{32a87220-1fb2-4191-a14b-d3049b6ea214}</UniqueIdentifier>
    </Filter>
    <Filter Include="Header Files\Parser">
      <UniqueIdentifier>{4d200279-126a-44b8-9651-c50cb7646209}</UniqueIdentifier>
    </Filter>
    <Filter Include="Source Files\Parser">
      <UniqueIdentifier>{b2638ed9-c75d-4ced-9a74-90a318139362}</UniqueIdentifier>
    </Filter>
    <Filter Include="Header Files\Block">
      <UniqueIdentifier>{0a2ec032-c586-40ed-b281-009b03857945}</UniqueIdentifier>
    </Filter>
    <Filter Include="Source Files\Block">
      <UniqueIdentifier>{2086498c-dc5f-4103-879f-02538d7340f0}</UniqueIdentifier>
    </Filter>
  </ItemGroup>
  <ItemGroup>
    <ClInclude Include="strUtils.h">
      <Filter>Header Files</Filter>
    </ClInclude>
    <ClInclude Include="token.h">
      <Filter>Header Files\Tokenizer</Filter>
    </ClInclude>
    <ClInclude Include="tokenData.h">
      <Filter>Header Files\Tokenizer</Filter>
    </ClInclude>
    <ClInclude Include="tokenizer.h">
      <Filter>Header Files\Tokenizer</Filter>
    </ClInclude>
    <ClInclude Include="tokenType.h">
      <Filter>Header Files\Tokenizer</Filter>
    </ClInclude>
    <ClInclude Include="parser.h">
      <Filter>Header Files\Parser</Filter>
    </ClInclude>
    <ClInclude Include="block.h">
      <Filter>Header Files\Block</Filter>
    </ClInclude>
    <ClInclude Include="class.h">
      <Filter>Header Files\Block</Filter>
    </ClInclude>
    <ClInclude Include="classParser.h">
      <Filter>Header Files\Parser</Filter>
    </ClInclude>
    <ClInclude Include="type.h">
      <Filter>Header Files</Filter>
    </ClInclude>
    <ClInclude Include="value.h">
      <Filter>Header Files</Filter>
    </ClInclude>
    <ClInclude Include="any.h">
      <Filter>Header Files</Filter>
    </ClInclude>
    <ClInclude Include="parameter.h">
      <Filter>Header Files</Filter>
    </ClInclude>
    <ClInclude Include="method.h">
      <Filter>Header Files\Block</Filter>
    </ClInclude>
    <ClInclude Include="methodParser.h">
      <Filter>Header Files\Parser</Filter>
    </ClInclude>
    <ClInclude Include="variable.h">
      <Filter>Header Files</Filter>
    </ClInclude>
    <ClInclude Include="variableParser.h">
      <Filter>Header Files</Filter>
    </ClInclude>
  </ItemGroup>
  <ItemGroup>
    <ClCompile Include="Main.cpp">
      <Filter>Source Files</Filter>
    </ClCompile>
    <ClCompile Include="token.cpp">
      <Filter>Source Files\Tokenizer</Filter>
    </ClCompile>
    <ClCompile Include="tokenData.cpp">
      <Filter>Source Files\Tokenizer</Filter>
    </ClCompile>
    <ClCompile Include="tokenizer.cpp">
      <Filter>Source Files\Tokenizer</Filter>
    </ClCompile>
    <ClCompile Include="parser.cpp">
      <Filter>Source Files\Parser</Filter>
    </ClCompile>
    <ClCompile Include="block.cpp">
      <Filter>Source Files\Block</Filter>
    </ClCompile>
    <ClCompile Include="class.cpp">
      <Filter>Source Files\Block</Filter>
    </ClCompile>
    <ClCompile Include="classParser.cpp">
      <Filter>Source Files\Parser</Filter>
    </ClCompile>
    <ClCompile Include="value.cpp">
      <Filter>Source Files</Filter>
    </ClCompile>
    <ClCompile Include="parameter.cpp">
      <Filter>Source Files</Filter>
    </ClCompile>
    <ClCompile Include="method.cpp">
      <Filter>Source Files\Block</Filter>
    </ClCompile>
    <ClCompile Include="methodParser.cpp">
      <Filter>Source Files\Parser</Filter>
    </ClCompile>
    <ClCompile Include="variable.cpp">
      <Filter>Source Files</Filter>
    </ClCompile>
    <ClCompile Include="variableParser.cpp">
      <Filter>Source Files</Filter>
    </ClCompile>
  </ItemGroup>
  <ItemGroup>
    <Text Include="grammar.txt" />
  </ItemGroup>
  <ItemGroup>
    <None Include="HelloWorld.cup" />
    <None Include="Variables.cup" />
  </ItemGroup>
  <ItemGroup>
    <ResourceCompile Include="CupProgrammingLanguage.rc">
      <Filter>Resource Files</Filter>
    </ResourceCompile>
  </ItemGroup>
</Project>